
Microsoft Visual Studio Solution File, Format Version 12.00
# Visual Studio 15
VisualStudioVersion = 15.0.27130.2010
MinimumVisualStudioVersion = 10.0.40219.1
Project("{FAE04EC0-301F-11D3-BF4B-00C04F79EFBC}") = "InFizYo", "inFizYo\InFizYo.csproj", "{484DB493-EC11-420D-8E8D-602F23375168}"
EndProject
Project("{FAE04EC0-301F-11D3-BF4B-00C04F79EFBC}") = "CuBee", "CuBee\CuBee.csproj", "{16B68F70-D084-4A4B-8B0D-2187AF56487D}"
EndProject
Project("{FAE04EC0-301F-11D3-BF4B-00C04F79EFBC}") = "ApartMan", "ApartMan\ApartMan.csproj", "{A99B2112-2C06-461B-8EA4-36CA0D6A41DF}"
EndProject
Global
	GlobalSection(SolutionConfigurationPlatforms) = preSolution
		Debug|Any CPU = Debug|Any CPU
		Release|Any CPU = Release|Any CPU
	EndGlobalSection
	GlobalSection(ProjectConfigurationPlatforms) = postSolution
		{484DB493-EC11-420D-8E8D-602F23375168}.Debug|Any CPU.ActiveCfg = Debug|Any CPU
		{484DB493-EC11-420D-8E8D-602F23375168}.Debug|Any CPU.Build.0 = Debug|Any CPU
		{484DB493-EC11-420D-8E8D-602F23375168}.Release|Any CPU.ActiveCfg = Release|Any CPU
		{484DB493-EC11-420D-8E8D-602F23375168}.Release|Any CPU.Build.0 = Release|Any CPU
		{16B68F70-D084-4A4B-8B0D-2187AF56487D}.Debug|Any CPU.ActiveCfg = Debug|Any CPU
		{16B68F70-D084-4A4B-8B0D-2187AF56487D}.Debug|Any CPU.Build.0 = Debug|Any CPU
		{16B68F70-D084-4A4B-8B0D-2187AF56487D}.Release|Any CPU.ActiveCfg = Release|Any CPU
		{16B68F70-D084-4A4B-8B0D-2187AF56487D}.Release|Any CPU.Build.0 = Release|Any CPU
		{A99B2112-2C06-461B-8EA4-36CA0D6A41DF}.Debug|Any CPU.ActiveCfg = Debug|Any CPU
		{A99B2112-2C06-461B-8EA4-36CA0D6A41DF}.Debug|Any CPU.Build.0 = Debug|Any CPU
		{A99B2112-2C06-461B-8EA4-36CA0D6A41DF}.Release|Any CPU.ActiveCfg = Release|Any CPU
		{A99B2112-2C06-461B-8EA4-36CA0D6A41DF}.Release|Any CPU.Build.0 = Release|Any CPU
	EndGlobalSection
	GlobalSection(SolutionProperties) = preSolution
		HideSolutionNode = FALSE
	EndGlobalSection
	GlobalSection(ExtensibilityGlobals) = postSolution
		SolutionGuid = {FB71EAAC-7947-4ED3-95FE-F9D645182F31}
	EndGlobalSection
EndGlobal
